
Microsoft Visual Studio Solution File, Format Version 12.00
# Visual Studio Version 17
VisualStudioVersion = 17.0.32126.317
MinimumVisualStudioVersion = 10.0.40219.1
Project("{FAE04EC0-301F-11D3-BF4B-00C04F79EFBC}") = "WindowsFormsApp10", "WindowsFormsApp10\WindowsFormsApp10.csproj", "{8E35079E-7644-4BCA-BA72-5005E919E0A8}"
EndProject
Global
	GlobalSection(SolutionConfigurationPlatforms) = preSolution
		Debug|Any CPU = Debug|Any CPU
		Release|Any CPU = Release|Any CPU
	EndGlobalSection
	GlobalSection(ProjectConfigurationPlatforms) = postSolution
		{8E35079E-7644-4BCA-BA72-5005E919E0A8}.Debug|Any CPU.ActiveCfg = Debug|Any CPU
		{8E35079E-7644-4BCA-BA72-5005E919E0A8}.Debug|Any CPU.Build.0 = Debug|Any CPU
		{8E35079E-7644-4BCA-BA72-5005E919E0A8}.Release|Any CPU.ActiveCfg = Release|Any CPU
		{8E35079E-7644-4BCA-BA72-5005E919E0A8}.Release|Any CPU.Build.0 = Release|Any CPU
	EndGlobalSection
	GlobalSection(SolutionProperties) = preSolution
		HideSolutionNode = FALSE
	EndGlobalSection
	GlobalSection(ExtensibilityGlobals) = postSolution
		SolutionGuid = {C45F9B5B-13E8-456D-A16F-606BD79AA84F}
	EndGlobalSection
EndGlobal
